
Microsoft Visual Studio Solution File, Format Version 12.00
# Visual Studio Version 17
VisualStudioVersion = 17.11.35327.3
MinimumVisualStudioVersion = 10.0.40219.1
Project("{2150E333-8FDC-42A3-9474-1A3956D46DE8}") = "Task0", "Task0", "{1AA541FE-16AE-400D-B8F9-60BB60D5B9EE}"
EndProject
Project("{9A19103F-16F7-4668-BE54-9A1E7A4F7556}") = "Tyuiu.OgorodnikDV.Sprint2.Task0.V15", "Tyuiu.OgorodnikDV.Sprint2.Task0.V15\Tyuiu.OgorodnikDV.Sprint2.Task0.V15.csproj", "{E2D71118-D594-4782-9C59-793EE0EDE0C9}"
EndProject
Project("{9A19103F-16F7-4668-BE54-9A1E7A4F7556}") = "Tyuiu.OgorodnikDV.Sprint2.Task0.V15.Lib", "Tyuiu.OgorodnikDV.Sprint2.Task0.V15.Lib\Tyuiu.OgorodnikDV.Sprint2.Task0.V15.Lib.csproj", "{DC237A04-13B0-4025-ACD4-6DF0334938A4}"
EndProject
Project("{9A19103F-16F7-4668-BE54-9A1E7A4F7556}") = "Tyuiu.OgorodnikDV.Sprint2.Task0.V15.Test", "Tyuiu.OgorodnikDV.Sprint2.Task0.V15.Test\Tyuiu.OgorodnikDV.Sprint2.Task0.V15.Test.csproj", "{0708F951-BE5B-4B70-91B2-A1A2C216CABE}"
EndProject
Project("{2150E333-8FDC-42A3-9474-1A3956D46DE8}") = "Task1", "Task1", "{67BB023D-39F6-4E34-90EC-E3409CDE8F84}"
EndProject
Project("{9A19103F-16F7-4668-BE54-9A1E7A4F7556}") = "Tyuiu.OgorodnikDV.Sprint2.Task1.V16", "Tyuiu.OgorodnikDV.Sprint2.Task1.V16\Tyuiu.OgorodnikDV.Sprint2.Task1.V16.csproj", "{DB22CE6A-5387-4F54-87CC-4F4548F749C6}"
EndProject
Project("{9A19103F-16F7-4668-BE54-9A1E7A4F7556}") = "Tyuiu.OgorodnikDV.Sprint2.Task1.V16.Lib", "Tyuiu.OgorodnikDV.Sprint2.Task1.V16.Lib\Tyuiu.OgorodnikDV.Sprint2.Task1.V16.Lib.csproj", "{AF05395C-8BB9-482E-80C5-13AC7B943D45}"
EndProject
Project("{9A19103F-16F7-4668-BE54-9A1E7A4F7556}") = "Tyuiu.OgorodnikDV.Sprint2.Task1.V16.Test", "Tyuiu.OgorodnikDV.Sprint2.Task1.V16.Test\Tyuiu.OgorodnikDV.Sprint2.Task1.V16.Test.csproj", "{8D2C61AE-9325-4624-BA70-7472BE9BAB3F}"
EndProject
Project("{2150E333-8FDC-42A3-9474-1A3956D46DE8}") = "Task2", "Task2", "{63655091-5ECF-46AC-A557-E5779768B221}"
EndProject
Project("{9A19103F-16F7-4668-BE54-9A1E7A4F7556}") = "Tyuiu.OgorodnikDV.Sprint2.Task2.V18", "Tyuiu.OgorodnikDV.Sprint2.Task2.V18\Tyuiu.OgorodnikDV.Sprint2.Task2.V18.csproj", "{496FD7DE-F350-4B11-93FC-D88702A67CA8}"
EndProject
Project("{9A19103F-16F7-4668-BE54-9A1E7A4F7556}") = "Tyuiu.OgorodnikDV.Sprint2.Task2.V18.Lib", "Tyuiu.OgorodnikDV.Sprint2.Task2.V18.Lib\Tyuiu.OgorodnikDV.Sprint2.Task2.V18.Lib.csproj", "{282D3674-0A5E-4A90-8FCA-7DFFEA7E110C}"
EndProject
Project("{9A19103F-16F7-4668-BE54-9A1E7A4F7556}") = "Tyuiu.OgorodnikDV.Sprint2.Task2.V18.Test", "Tyuiu.OgorodnikDV.Sprint2.Task2.V18.Test\Tyuiu.OgorodnikDV.Sprint2.Task2.V18.Test.csproj", "{F62743B9-D35E-4E93-A331-54BC118CF4A2}"
EndProject
Project("{2150E333-8FDC-42A3-9474-1A3956D46DE8}") = "Task3", "Task3", "{D503C9EC-87AA-4AFB-8F45-7C655E7084C0}"
EndProject
Project("{9A19103F-16F7-4668-BE54-9A1E7A4F7556}") = "Tyuiu.OgorodnikDV.Sprint2.Task3.V30", "Tyuiu.OgorodnikDV.Sprint2.Task3.V30\Tyuiu.OgorodnikDV.Sprint2.Task3.V30.csproj", "{1B52644C-3AC3-4E9C-87F4-5C0F6FF4C5DC}"
EndProject
Project("{9A19103F-16F7-4668-BE54-9A1E7A4F7556}") = "Tyuiu.OgorodnikDV.Sprint2.Task3.V30.Lib", "Tyuiu.OgorodnikDV.Sprint2.Task3.V30.Lib\Tyuiu.OgorodnikDV.Sprint2.Task3.V30.Lib.csproj", "{89FB6BE6-DF8D-4D04-93FE-E33EA05E19DC}"
EndProject
Project("{9A19103F-16F7-4668-BE54-9A1E7A4F7556}") = "Tyuiu.OgorodnikDV.Sprint2.Task3.V30.Test", "Tyuiu.OgorodnikDV.Sprint2.Task3.V30.Test\Tyuiu.OgorodnikDV.Sprint2.Task3.V30.Test.csproj", "{8840FF94-BD04-41BB-9592-8284EDDEB7C1}"
EndProject
Project("{2150E333-8FDC-42A3-9474-1A3956D46DE8}") = "Task4", "Task4", "{92AB6F4B-B14C-474E-8032-60E366A9EAA3}"
EndProject
Project("{9A19103F-16F7-4668-BE54-9A1E7A4F7556}") = "Tyuiu.OgorodnikDV.Sprint2.Task4.V11", "Tyuiu.OgorodnikDV.Sprint2.Task4.V11\Tyuiu.OgorodnikDV.Sprint2.Task4.V11.csproj", "{645A73D5-CF39-467E-82C4-4FAE6F63CD82}"
EndProject
Project("{9A19103F-16F7-4668-BE54-9A1E7A4F7556}") = "Tyuiu.OgorodnikDV.Sprint2.Task4.V11.Lib", "Tyuiu.OgorodnikDV.Sprint2.Task4.V11.Lib\Tyuiu.OgorodnikDV.Sprint2.Task4.V11.Lib.csproj", "{FD2C06C5-9A1E-40F5-8B09-06CBE3C98D30}"
EndProject
Project("{9A19103F-16F7-4668-BE54-9A1E7A4F7556}") = "Tyuiu.OgorodnikDV.Sprint2.Task4.V11.Test", "Tyuiu.OgorodnikDV.Sprint2.Task4.V11.Test\Tyuiu.OgorodnikDV.Sprint2.Task4.V11.Test.csproj", "{818C8312-23FA-4B06-A348-6BF1233E06FB}"
EndProject
Project("{2150E333-8FDC-42A3-9474-1A3956D46DE8}") = "Task5", "Task5", "{682B6988-F0E3-4DAB-A508-BAE8A5665542}"
EndProject
Project("{FAE04EC0-301F-11D3-BF4B-00C04F79EFBC}") = "Tyuiu.OgorodnikDV.Sprint2.Task5.V15", "Tyuiu.OgorodnikDV.Sprint2.Task5.V15\Tyuiu.OgorodnikDV.Sprint2.Task5.V15.csproj", "{EFF03130-9BFF-418E-993B-A00A128E8E8A}"
EndProject
Project("{FAE04EC0-301F-11D3-BF4B-00C04F79EFBC}") = "Tyuiu.OgorodnikDV.Sprint2.Task5.V15.Lib", "Tyuiu.OgorodnikDV.Sprint2.Task5.V15.Lib\Tyuiu.OgorodnikDV.Sprint2.Task5.V15.Lib.csproj", "{7AEC57FD-784E-4C35-8BB4-EBC652F546FB}"
EndProject
Project("{FAE04EC0-301F-11D3-BF4B-00C04F79EFBC}") = "Tyuiu.OgorodnikDV.Sprint2.Task5.V15.Test", "Tyuiu.OgorodnikDV.Sprint2.Task5.V15.Test\Tyuiu.OgorodnikDV.Sprint2.Task5.V15.Test.csproj", "{933A1DE5-25AD-438C-935A-D6F541345BBD}"
EndProject
Project("{2150E333-8FDC-42A3-9474-1A3956D46DE8}") = "Task6", "Task6", "{86D5C92B-27E6-47DA-97E1-1C317CE03979}"
EndProject
Project("{FAE04EC0-301F-11D3-BF4B-00C04F79EFBC}") = "Tyuiu.OgorodnikDV.Sprint2.Task6.V3", "Tyuiu.OgorodnikDV.Sprint2.Task6.V3\Tyuiu.OgorodnikDV.Sprint2.Task6.V3.csproj", "{04DC1A6F-71AB-45C6-AB07-A216B22E7FAB}"
EndProject
Project("{FAE04EC0-301F-11D3-BF4B-00C04F79EFBC}") = "Tyuiu.OgorodnikDV.Sprint2.Task6.V3.Lib", "Tyuiu.OgorodnikDV.Sprint2.Task6.V3.Lib\Tyuiu.OgorodnikDV.Sprint2.Task6.V3.Lib.csproj", "{1FB1BB30-4663-45F9-BC94-8F41B4AF1E3D}"
EndProject
Project("{FAE04EC0-301F-11D3-BF4B-00C04F79EFBC}") = "Tyuiu.OgorodnikDV.Sprint2.Task6.V3.Test", "Tyuiu.OgorodnikDV.Sprint2.Task6.V3.Test\Tyuiu.OgorodnikDV.Sprint2.Task6.V3.Test.csproj", "{3E2737FF-0523-4031-9376-A40659DA1851}"
EndProject
Project("{2150E333-8FDC-42A3-9474-1A3956D46DE8}") = "Task7", "Task7", "{CA66409D-629A-4D6D-B4F7-BC0FBFBC48CF}"
EndProject
Project("{FAE04EC0-301F-11D3-BF4B-00C04F79EFBC}") = "Tyuiu.OgorodnikDV.Sprint2.Task7.V15", "Tyuiu.OgorodnikDV.Sprint2.Task7.V15\Tyuiu.OgorodnikDV.Sprint2.Task7.V15.csproj", "{6B277783-E080-47B9-B58C-09A51BA6B576}"
EndProject
Project("{FAE04EC0-301F-11D3-BF4B-00C04F79EFBC}") = "Tyuiu.OgorodnikDV.Sprint2.Task7.V15.Lib", "Tyuiu.OgorodnikDV.Sprint2.Task7.V15.Lib\Tyuiu.OgorodnikDV.Sprint2.Task7.V15.Lib.csproj", "{EDCE7142-B977-49CA-BE70-19F9810C63F4}"
EndProject
Project("{FAE04EC0-301F-11D3-BF4B-00C04F79EFBC}") = "Tyuiu.OgorodnikDV.Sprint2.Task7.V15.Test", "Tyuiu.OgorodnikDV.Sprint2.Task7.V15.Test\Tyuiu.OgorodnikDV.Sprint2.Task7.V15.Test.csproj", "{23CBF971-3D86-4D26-8EF3-DE00B3800067}"
EndProject
Global
	GlobalSection(SolutionConfigurationPlatforms) = preSolution
		Debug|Any CPU = Debug|Any CPU
		Release|Any CPU = Release|Any CPU
	EndGlobalSection
	GlobalSection(ProjectConfigurationPlatforms) = postSolution
		{E2D71118-D594-4782-9C59-793EE0EDE0C9}.Debug|Any CPU.ActiveCfg = Debug|Any CPU
		{E2D71118-D594-4782-9C59-793EE0EDE0C9}.Debug|Any CPU.Build.0 = Debug|Any CPU
		{E2D71118-D594-4782-9C59-793EE0EDE0C9}.Release|Any CPU.ActiveCfg = Release|Any CPU
		{E2D71118-D594-4782-9C59-793EE0EDE0C9}.Release|Any CPU.Build.0 = Release|Any CPU
		{DC237A04-13B0-4025-ACD4-6DF0334938A4}.Debug|Any CPU.ActiveCfg = Debug|Any CPU
		{DC237A04-13B0-4025-ACD4-6DF0334938A4}.Debug|Any CPU.Build.0 = Debug|Any CPU
		{DC237A04-13B0-4025-ACD4-6DF0334938A4}.Release|Any CPU.ActiveCfg = Release|Any CPU
		{DC237A04-13B0-4025-ACD4-6DF0334938A4}.Release|Any CPU.Build.0 = Release|Any CPU
		{0708F951-BE5B-4B70-91B2-A1A2C216CABE}.Debug|Any CPU.ActiveCfg = Debug|Any CPU
		{0708F951-BE5B-4B70-91B2-A1A2C216CABE}.Debug|Any CPU.Build.0 = Debug|Any CPU
		{0708F951-BE5B-4B70-91B2-A1A2C216CABE}.Release|Any CPU.ActiveCfg = Release|Any CPU
		{0708F951-BE5B-4B70-91B2-A1A2C216CABE}.Release|Any CPU.Build.0 = Release|Any CPU
		{DB22CE6A-5387-4F54-87CC-4F4548F749C6}.Debug|Any CPU.ActiveCfg = Debug|Any CPU
		{DB22CE6A-5387-4F54-87CC-4F4548F749C6}.Debug|Any CPU.Build.0 = Debug|Any CPU
		{DB22CE6A-5387-4F54-87CC-4F4548F749C6}.Release|Any CPU.ActiveCfg = Release|Any CPU
		{DB22CE6A-5387-4F54-87CC-4F4548F749C6}.Release|Any CPU.Build.0 = Release|Any CPU
		{AF05395C-8BB9-482E-80C5-13AC7B943D45}.Debug|Any CPU.ActiveCfg = Debug|Any CPU
		{AF05395C-8BB9-482E-80C5-13AC7B943D45}.Debug|Any CPU.Build.0 = Debug|Any CPU
		{AF05395C-8BB9-482E-80C5-13AC7B943D45}.Release|Any CPU.ActiveCfg = Release|Any CPU
		{AF05395C-8BB9-482E-80C5-13AC7B943D45}.Release|Any CPU.Build.0 = Release|Any CPU
		{8D2C61AE-9325-4624-BA70-7472BE9BAB3F}.Debug|Any CPU.ActiveCfg = Debug|Any CPU
		{8D2C61AE-9325-4624-BA70-7472BE9BAB3F}.Debug|Any CPU.Build.0 = Debug|Any CPU
		{8D2C61AE-9325-4624-BA70-7472BE9BAB3F}.Release|Any CPU.ActiveCfg = Release|Any CPU
		{8D2C61AE-9325-4624-BA70-7472BE9BAB3F}.Release|Any CPU.Build.0 = Release|Any CPU
		{496FD7DE-F350-4B11-93FC-D88702A67CA8}.Debug|Any CPU.ActiveCfg = Debug|Any CPU
		{496FD7DE-F350-4B11-93FC-D88702A67CA8}.Debug|Any CPU.Build.0 = Debug|Any CPU
		{496FD7DE-F350-4B11-93FC-D88702A67CA8}.Release|Any CPU.ActiveCfg = Release|Any CPU
		{496FD7DE-F350-4B11-93FC-D88702A67CA8}.Release|Any CPU.Build.0 = Release|Any CPU
		{282D3674-0A5E-4A90-8FCA-7DFFEA7E110C}.Debug|Any CPU.ActiveCfg = Debug|Any CPU
		{282D3674-0A5E-4A90-8FCA-7DFFEA7E110C}.Debug|Any CPU.Build.0 = Debug|Any CPU
		{282D3674-0A5E-4A90-8FCA-7DFFEA7E110C}.Release|Any CPU.ActiveCfg = Release|Any CPU
		{282D3674-0A5E-4A90-8FCA-7DFFEA7E110C}.Release|Any CPU.Build.0 = Release|Any CPU
		{F62743B9-D35E-4E93-A331-54BC118CF4A2}.Debug|Any CPU.ActiveCfg = Debug|Any CPU
		{F62743B9-D35E-4E93-A331-54BC118CF4A2}.Debug|Any CPU.Build.0 = Debug|Any CPU
		{F62743B9-D35E-4E93-A331-54BC118CF4A2}.Release|Any CPU.ActiveCfg = Release|Any CPU
		{F62743B9-D35E-4E93-A331-54BC118CF4A2}.Release|Any CPU.Build.0 = Release|Any CPU
		{1B52644C-3AC3-4E9C-87F4-5C0F6FF4C5DC}.Debug|Any CPU.ActiveCfg = Debug|Any CPU
		{1B52644C-3AC3-4E9C-87F4-5C0F6FF4C5DC}.Debug|Any CPU.Build.0 = Debug|Any CPU
		{1B52644C-3AC3-4E9C-87F4-5C0F6FF4C5DC}.Release|Any CPU.ActiveCfg = Release|Any CPU
		{1B52644C-3AC3-4E9C-87F4-5C0F6FF4C5DC}.Release|Any CPU.Build.0 = Release|Any CPU
		{89FB6BE6-DF8D-4D04-93FE-E33EA05E19DC}.Debug|Any CPU.ActiveCfg = Debug|Any CPU
		{89FB6BE6-DF8D-4D04-93FE-E33EA05E19DC}.Debug|Any CPU.Build.0 = Debug|Any CPU
		{89FB6BE6-DF8D-4D04-93FE-E33EA05E19DC}.Release|Any CPU.ActiveCfg = Release|Any CPU
		{89FB6BE6-DF8D-4D04-93FE-E33EA05E19DC}.Release|Any CPU.Build.0 = Release|Any CPU
		{8840FF94-BD04-41BB-9592-8284EDDEB7C1}.Debug|Any CPU.ActiveCfg = Debug|Any CPU
		{8840FF94-BD04-41BB-9592-8284EDDEB7C1}.Debug|Any CPU.Build.0 = Debug|Any CPU
		{8840FF94-BD04-41BB-9592-8284EDDEB7C1}.Release|Any CPU.ActiveCfg = Release|Any CPU
		{8840FF94-BD04-41BB-9592-8284EDDEB7C1}.Release|Any CPU.Build.0 = Release|Any CPU
		{645A73D5-CF39-467E-82C4-4FAE6F63CD82}.Debug|Any CPU.ActiveCfg = Debug|Any CPU
		{645A73D5-CF39-467E-82C4-4FAE6F63CD82}.Debug|Any CPU.Build.0 = Debug|Any CPU
		{645A73D5-CF39-467E-82C4-4FAE6F63CD82}.Release|Any CPU.ActiveCfg = Release|Any CPU
		{645A73D5-CF39-467E-82C4-4FAE6F63CD82}.Release|Any CPU.Build.0 = Release|Any CPU
		{FD2C06C5-9A1E-40F5-8B09-06CBE3C98D30}.Debug|Any CPU.ActiveCfg = Debug|Any CPU
		{FD2C06C5-9A1E-40F5-8B09-06CBE3C98D30}.Debug|Any CPU.Build.0 = Debug|Any CPU
		{FD2C06C5-9A1E-40F5-8B09-06CBE3C98D30}.Release|Any CPU.ActiveCfg = Release|Any CPU
		{FD2C06C5-9A1E-40F5-8B09-06CBE3C98D30}.Release|Any CPU.Build.0 = Release|Any CPU
		{818C8312-23FA-4B06-A348-6BF1233E06FB}.Debug|Any CPU.ActiveCfg = Debug|Any CPU
		{818C8312-23FA-4B06-A348-6BF1233E06FB}.Debug|Any CPU.Build.0 = Debug|Any CPU
		{818C8312-23FA-4B06-A348-6BF1233E06FB}.Release|Any CPU.ActiveCfg = Release|Any CPU
		{818C8312-23FA-4B06-A348-6BF1233E06FB}.Release|Any CPU.Build.0 = Release|Any CPU
		{EFF03130-9BFF-418E-993B-A00A128E8E8A}.Debug|Any CPU.ActiveCfg = Debug|Any CPU
		{EFF03130-9BFF-418E-993B-A00A128E8E8A}.Debug|Any CPU.Build.0 = Debug|Any CPU
		{EFF03130-9BFF-418E-993B-A00A128E8E8A}.Release|Any CPU.ActiveCfg = Release|Any CPU
		{EFF03130-9BFF-418E-993B-A00A128E8E8A}.Release|Any CPU.Build.0 = Release|Any CPU
		{7AEC57FD-784E-4C35-8BB4-EBC652F546FB}.Debug|Any CPU.ActiveCfg = Debug|Any CPU
		{7AEC57FD-784E-4C35-8BB4-EBC652F546FB}.Debug|Any CPU.Build.0 = Debug|Any CPU
		{7AEC57FD-784E-4C35-8BB4-EBC652F546FB}.Release|Any CPU.ActiveCfg = Release|Any CPU
		{7AEC57FD-784E-4C35-8BB4-EBC652F546FB}.Release|Any CPU.Build.0 = Release|Any CPU
		{933A1DE5-25AD-438C-935A-D6F541345BBD}.Debug|Any CPU.ActiveCfg = Debug|Any CPU
		{933A1DE5-25AD-438C-935A-D6F541345BBD}.Debug|Any CPU.Build.0 = Debug|Any CPU
		{933A1DE5-25AD-438C-935A-D6F541345BBD}.Release|Any CPU.ActiveCfg = Release|Any CPU
		{933A1DE5-25AD-438C-935A-D6F541345BBD}.Release|Any CPU.Build.0 = Release|Any CPU
		{04DC1A6F-71AB-45C6-AB07-A216B22E7FAB}.Debug|Any CPU.ActiveCfg = Debug|Any CPU
		{04DC1A6F-71AB-45C6-AB07-A216B22E7FAB}.Debug|Any CPU.Build.0 = Debug|Any CPU
		{04DC1A6F-71AB-45C6-AB07-A216B22E7FAB}.Release|Any CPU.ActiveCfg = Release|Any CPU
		{04DC1A6F-71AB-45C6-AB07-A216B22E7FAB}.Release|Any CPU.Build.0 = Release|Any CPU
		{1FB1BB30-4663-45F9-BC94-8F41B4AF1E3D}.Debug|Any CPU.ActiveCfg = Debug|Any CPU
		{1FB1BB30-4663-45F9-BC94-8F41B4AF1E3D}.Debug|Any CPU.Build.0 = Debug|Any CPU
		{1FB1BB30-4663-45F9-BC94-8F41B4AF1E3D}.Release|Any CPU.ActiveCfg = Release|Any CPU
		{1FB1BB30-4663-45F9-BC94-8F41B4AF1E3D}.Release|Any CPU.Build.0 = Release|Any CPU
		{3E2737FF-0523-4031-9376-A40659DA1851}.Debug|Any CPU.ActiveCfg = Debug|Any CPU
		{3E2737FF-0523-4031-9376-A40659DA1851}.Debug|Any CPU.Build.0 = Debug|Any CPU
		{3E2737FF-0523-4031-9376-A40659DA1851}.Release|Any CPU.ActiveCfg = Release|Any CPU
		{3E2737FF-0523-4031-9376-A40659DA1851}.Release|Any CPU.Build.0 = Release|Any CPU
		{6B277783-E080-47B9-B58C-09A51BA6B576}.Debug|Any CPU.ActiveCfg = Debug|Any CPU
		{6B277783-E080-47B9-B58C-09A51BA6B576}.Debug|Any CPU.Build.0 = Debug|Any CPU
		{6B277783-E080-47B9-B58C-09A51BA6B576}.Release|Any CPU.ActiveCfg = Release|Any CPU
		{6B277783-E080-47B9-B58C-09A51BA6B576}.Release|Any CPU.Build.0 = Release|Any CPU
		{EDCE7142-B977-49CA-BE70-19F9810C63F4}.Debug|Any CPU.ActiveCfg = Debug|Any CPU
		{EDCE7142-B977-49CA-BE70-19F9810C63F4}.Debug|Any CPU.Build.0 = Debug|Any CPU
		{EDCE7142-B977-49CA-BE70-19F9810C63F4}.Release|Any CPU.ActiveCfg = Release|Any CPU
		{EDCE7142-B977-49CA-BE70-19F9810C63F4}.Release|Any CPU.Build.0 = Release|Any CPU
		{23CBF971-3D86-4D26-8EF3-DE00B3800067}.Debug|Any CPU.ActiveCfg = Debug|Any CPU
		{23CBF971-3D86-4D26-8EF3-DE00B3800067}.Debug|Any CPU.Build.0 = Debug|Any CPU
		{23CBF971-3D86-4D26-8EF3-DE00B3800067}.Release|Any CPU.ActiveCfg = Release|Any CPU
		{23CBF971-3D86-4D26-8EF3-DE00B3800067}.Release|Any CPU.Build.0 = Release|Any CPU
	EndGlobalSection
	GlobalSection(SolutionProperties) = preSolution
		HideSolutionNode = FALSE
	EndGlobalSection
	GlobalSection(NestedProjects) = preSolution
		{E2D71118-D594-4782-9C59-793EE0EDE0C9} = {1AA541FE-16AE-400D-B8F9-60BB60D5B9EE}
		{DC237A04-13B0-4025-ACD4-6DF0334938A4} = {1AA541FE-16AE-400D-B8F9-60BB60D5B9EE}
		{0708F951-BE5B-4B70-91B2-A1A2C216CABE} = {1AA541FE-16AE-400D-B8F9-60BB60D5B9EE}
		{DB22CE6A-5387-4F54-87CC-4F4548F749C6} = {67BB023D-39F6-4E34-90EC-E3409CDE8F84}
		{AF05395C-8BB9-482E-80C5-13AC7B943D45} = {67BB023D-39F6-4E34-90EC-E3409CDE8F84}
		{8D2C61AE-9325-4624-BA70-7472BE9BAB3F} = {67BB023D-39F6-4E34-90EC-E3409CDE8F84}
		{496FD7DE-F350-4B11-93FC-D88702A67CA8} = {63655091-5ECF-46AC-A557-E5779768B221}
		{282D3674-0A5E-4A90-8FCA-7DFFEA7E110C} = {63655091-5ECF-46AC-A557-E5779768B221}
		{F62743B9-D35E-4E93-A331-54BC118CF4A2} = {63655091-5ECF-46AC-A557-E5779768B221}
		{1B52644C-3AC3-4E9C-87F4-5C0F6FF4C5DC} = {D503C9EC-87AA-4AFB-8F45-7C655E7084C0}
		{89FB6BE6-DF8D-4D04-93FE-E33EA05E19DC} = {D503C9EC-87AA-4AFB-8F45-7C655E7084C0}
		{8840FF94-BD04-41BB-9592-8284EDDEB7C1} = {D503C9EC-87AA-4AFB-8F45-7C655E7084C0}
		{645A73D5-CF39-467E-82C4-4FAE6F63CD82} = {92AB6F4B-B14C-474E-8032-60E366A9EAA3}
		{FD2C06C5-9A1E-40F5-8B09-06CBE3C98D30} = {92AB6F4B-B14C-474E-8032-60E366A9EAA3}
		{818C8312-23FA-4B06-A348-6BF1233E06FB} = {92AB6F4B-B14C-474E-8032-60E366A9EAA3}
		{EFF03130-9BFF-418E-993B-A00A128E8E8A} = {682B6988-F0E3-4DAB-A508-BAE8A5665542}
		{7AEC57FD-784E-4C35-8BB4-EBC652F546FB} = {682B6988-F0E3-4DAB-A508-BAE8A5665542}
		{933A1DE5-25AD-438C-935A-D6F541345BBD} = {682B6988-F0E3-4DAB-A508-BAE8A5665542}
		{04DC1A6F-71AB-45C6-AB07-A216B22E7FAB} = {86D5C92B-27E6-47DA-97E1-1C317CE03979}
		{1FB1BB30-4663-45F9-BC94-8F41B4AF1E3D} = {86D5C92B-27E6-47DA-97E1-1C317CE03979}
		{3E2737FF-0523-4031-9376-A40659DA1851} = {86D5C92B-27E6-47DA-97E1-1C317CE03979}
		{6B277783-E080-47B9-B58C-09A51BA6B576} = {CA66409D-629A-4D6D-B4F7-BC0FBFBC48CF}
		{EDCE7142-B977-49CA-BE70-19F9810C63F4} = {CA66409D-629A-4D6D-B4F7-BC0FBFBC48CF}
		{23CBF971-3D86-4D26-8EF3-DE00B3800067} = {CA66409D-629A-4D6D-B4F7-BC0FBFBC48CF}
	EndGlobalSection
	GlobalSection(ExtensibilityGlobals) = postSolution
		SolutionGuid = {FD904486-9CBD-43D7-B1F1-5620A91E9FC0}
	EndGlobalSection
EndGlobal
